
Microsoft Visual Studio Solution File, Format Version 12.00
# Visual Studio Version 16
VisualStudioVersion = 16.0.30104.148
MinimumVisualStudioVersion = 10.0.40219.1
Project("{9A19103F-16F7-4668-BE54-9A1E7A4F7556}") = "Coder.WebPusherService.Core", "Coder.WebPusherService.Core\Coder.WebPusherService.Core.csproj", "{DFAC52BE-512B-49CA-8CB2-AA39AA574502}"
EndProject
Project("{9A19103F-16F7-4668-BE54-9A1E7A4F7556}") = "XUnitTestProject1", "XUnitTestProject1\XUnitTestProject1.csproj", "{9BA711CA-E5CC-4B64-9E59-451C63896D70}"
EndProject
Project("{9A19103F-16F7-4668-BE54-9A1E7A4F7556}") = "Coder.WebPusher.Stores.Litedb", "Coder.WebPusher.Stores.Litedb\Coder.WebPusher.Stores.Litedb.csproj", "{069259D0-3D58-40A3-8367-60D90693F164}"
EndProject
Project("{9A19103F-16F7-4668-BE54-9A1E7A4F7556}") = "Coder.WebPusherClient", "Coder.WebPusherClient\Coder.WebPusherClient.csproj", "{018A10E1-F059-4371-8961-50DD096F10C6}"
EndProject
Project("{9A19103F-16F7-4668-BE54-9A1E7A4F7556}") = "WebReceiverDemo", "WebReceiverDemo\WebReceiverDemo.csproj", "{D7225172-FB2F-4820-AFBB-EDA41C84161F}"
EndProject
Project("{9A19103F-16F7-4668-BE54-9A1E7A4F7556}") = "Coder.WebPuseherService.Hosting", "Coder.WebPuseherService.Hosting\Coder.WebPuseherService.Hosting.csproj", "{44B19916-142E-4C93-B14A-CEA5C2683560}"
EndProject
Project("{9A19103F-16F7-4668-BE54-9A1E7A4F7556}") = "Coder.WebPusherService", "Coder.WebPusherService\Coder.WebPusherService.csproj", "{2F39F3B9-7754-47DD-AECE-CC34198B87E6}"
EndProject
Global
	GlobalSection(SolutionConfigurationPlatforms) = preSolution
		Debug|Any CPU = Debug|Any CPU
		Release|Any CPU = Release|Any CPU
	EndGlobalSection
	GlobalSection(ProjectConfigurationPlatforms) = postSolution
		{DFAC52BE-512B-49CA-8CB2-AA39AA574502}.Debug|Any CPU.ActiveCfg = Debug|Any CPU
		{DFAC52BE-512B-49CA-8CB2-AA39AA574502}.Debug|Any CPU.Build.0 = Debug|Any CPU
		{DFAC52BE-512B-49CA-8CB2-AA39AA574502}.Release|Any CPU.ActiveCfg = Release|Any CPU
		{DFAC52BE-512B-49CA-8CB2-AA39AA574502}.Release|Any CPU.Build.0 = Release|Any CPU
		{9BA711CA-E5CC-4B64-9E59-451C63896D70}.Debug|Any CPU.ActiveCfg = Debug|Any CPU
		{9BA711CA-E5CC-4B64-9E59-451C63896D70}.Debug|Any CPU.Build.0 = Debug|Any CPU
		{9BA711CA-E5CC-4B64-9E59-451C63896D70}.Release|Any CPU.ActiveCfg = Release|Any CPU
		{9BA711CA-E5CC-4B64-9E59-451C63896D70}.Release|Any CPU.Build.0 = Release|Any CPU
		{069259D0-3D58-40A3-8367-60D90693F164}.Debug|Any CPU.ActiveCfg = Debug|Any CPU
		{069259D0-3D58-40A3-8367-60D90693F164}.Debug|Any CPU.Build.0 = Debug|Any CPU
		{069259D0-3D58-40A3-8367-60D90693F164}.Release|Any CPU.ActiveCfg = Release|Any CPU
		{069259D0-3D58-40A3-8367-60D90693F164}.Release|Any CPU.Build.0 = Release|Any CPU
		{018A10E1-F059-4371-8961-50DD096F10C6}.Debug|Any CPU.ActiveCfg = Debug|Any CPU
		{018A10E1-F059-4371-8961-50DD096F10C6}.Debug|Any CPU.Build.0 = Debug|Any CPU
		{018A10E1-F059-4371-8961-50DD096F10C6}.Release|Any CPU.ActiveCfg = Release|Any CPU
		{018A10E1-F059-4371-8961-50DD096F10C6}.Release|Any CPU.Build.0 = Release|Any CPU
		{D7225172-FB2F-4820-AFBB-EDA41C84161F}.Debug|Any CPU.ActiveCfg = Debug|Any CPU
		{D7225172-FB2F-4820-AFBB-EDA41C84161F}.Debug|Any CPU.Build.0 = Debug|Any CPU
		{D7225172-FB2F-4820-AFBB-EDA41C84161F}.Release|Any CPU.ActiveCfg = Release|Any CPU
		{D7225172-FB2F-4820-AFBB-EDA41C84161F}.Release|Any CPU.Build.0 = Release|Any CPU
		{44B19916-142E-4C93-B14A-CEA5C2683560}.Debug|Any CPU.ActiveCfg = Debug|Any CPU
		{44B19916-142E-4C93-B14A-CEA5C2683560}.Debug|Any CPU.Build.0 = Debug|Any CPU
		{44B19916-142E-4C93-B14A-CEA5C2683560}.Release|Any CPU.ActiveCfg = Release|Any CPU
		{44B19916-142E-4C93-B14A-CEA5C2683560}.Release|Any CPU.Build.0 = Release|Any CPU
		{2F39F3B9-7754-47DD-AECE-CC34198B87E6}.Debug|Any CPU.ActiveCfg = Debug|Any CPU
		{2F39F3B9-7754-47DD-AECE-CC34198B87E6}.Debug|Any CPU.Build.0 = Debug|Any CPU
		{2F39F3B9-7754-47DD-AECE-CC34198B87E6}.Release|Any CPU.ActiveCfg = Release|Any CPU
		{2F39F3B9-7754-47DD-AECE-CC34198B87E6}.Release|Any CPU.Build.0 = Release|Any CPU
	EndGlobalSection
	GlobalSection(SolutionProperties) = preSolution
		HideSolutionNode = FALSE
	EndGlobalSection
	GlobalSection(ExtensibilityGlobals) = postSolution
		SolutionGuid = {91D9141B-433A-4C68-BDC6-8FB7E6BB4FB5}
	EndGlobalSection
EndGlobal
